
Microsoft Visual Studio Solution File, Format Version 12.00
# Visual Studio 14
VisualStudioVersion = 14.0.24720.0
MinimumVisualStudioVersion = 10.0.40219.1
Project("{FAE04EC0-301F-11D3-BF4B-00C04F79EFBC}") = "RPCServer", "RPCServer\RPCServer.csproj", "{D8B3A28C-68CC-443A-9FC8-2CE400BC1BBD}"
EndProject
Project("{FAE04EC0-301F-11D3-BF4B-00C04F79EFBC}") = "RPCClient", "RPCClient\RPCClient.csproj", "{7FAC895B-EE11-444F-9864-47ADC56CD122}"
	ProjectSection(ProjectDependencies) = postProject
		{D8B3A28C-68CC-443A-9FC8-2CE400BC1BBD} = {D8B3A28C-68CC-443A-9FC8-2CE400BC1BBD}
	EndProjectSection
EndProject
Project("{2150E333-8FDC-42A3-9474-1A3956D46DE8}") = "protos", "protos", "{DC2C45BB-62DE-4221-8E96-DA741F608C10}"
	ProjectSection(SolutionItems) = preProject
		GRPCService\Service.cs = GRPCService\Service.cs
		protos\service.proto = protos\service.proto
		GRPCService\ServiceGrpc.cs = GRPCService\ServiceGrpc.cs
	EndProjectSection
EndProject
Project("{2150E333-8FDC-42A3-9474-1A3956D46DE8}") = "Solution Items", "Solution Items", "{BD39D4AA-76AB-40DC-BB07-6EB2D7E2238F}"
	ProjectSection(SolutionItems) = preProject
		generate_proto.bat = generate_proto.bat
	EndProjectSection
EndProject
Global
	GlobalSection(SolutionConfigurationPlatforms) = preSolution
		Debug|Any CPU = Debug|Any CPU
		Release|Any CPU = Release|Any CPU
	EndGlobalSection
	GlobalSection(ProjectConfigurationPlatforms) = postSolution
		{D8B3A28C-68CC-443A-9FC8-2CE400BC1BBD}.Debug|Any CPU.ActiveCfg = Debug|Any CPU
		{D8B3A28C-68CC-443A-9FC8-2CE400BC1BBD}.Debug|Any CPU.Build.0 = Debug|Any CPU
		{D8B3A28C-68CC-443A-9FC8-2CE400BC1BBD}.Release|Any CPU.ActiveCfg = Release|Any CPU
		{D8B3A28C-68CC-443A-9FC8-2CE400BC1BBD}.Release|Any CPU.Build.0 = Release|Any CPU
		{7FAC895B-EE11-444F-9864-47ADC56CD122}.Debug|Any CPU.ActiveCfg = Debug|Any CPU
		{7FAC895B-EE11-444F-9864-47ADC56CD122}.Debug|Any CPU.Build.0 = Debug|Any CPU
		{7FAC895B-EE11-444F-9864-47ADC56CD122}.Release|Any CPU.ActiveCfg = Release|Any CPU
		{7FAC895B-EE11-444F-9864-47ADC56CD122}.Release|Any CPU.Build.0 = Release|Any CPU
	EndGlobalSection
	GlobalSection(SolutionProperties) = preSolution
		HideSolutionNode = FALSE
	EndGlobalSection
EndGlobal
